
Microsoft Visual Studio Solution File, Format Version 12.00
# Visual Studio Version 16
VisualStudioVersion = 16.0.30128.74
MinimumVisualStudioVersion = 10.0.40219.1
Project("{FAE04EC0-301F-11D3-BF4B-00C04F79EFBC}") = "RegForm1", "RegForm1\RegForm1.csproj", "{5D22CA88-A64F-4D73-9B96-B01866B8797B}"
EndProject
Global
	GlobalSection(SolutionConfigurationPlatforms) = preSolution
		Debug|Any CPU = Debug|Any CPU
		Release|Any CPU = Release|Any CPU
	EndGlobalSection
	GlobalSection(ProjectConfigurationPlatforms) = postSolution
		{5D22CA88-A64F-4D73-9B96-B01866B8797B}.Debug|Any CPU.ActiveCfg = Debug|Any CPU
		{5D22CA88-A64F-4D73-9B96-B01866B8797B}.Debug|Any CPU.Build.0 = Debug|Any CPU
		{5D22CA88-A64F-4D73-9B96-B01866B8797B}.Release|Any CPU.ActiveCfg = Release|Any CPU
		{5D22CA88-A64F-4D73-9B96-B01866B8797B}.Release|Any CPU.Build.0 = Release|Any CPU
	EndGlobalSection
	GlobalSection(SolutionProperties) = preSolution
		HideSolutionNode = FALSE
	EndGlobalSection
	GlobalSection(ExtensibilityGlobals) = postSolution
		SolutionGuid = {86012B1E-3905-478C-8F6E-CF104E209BAB}
	EndGlobalSection
EndGlobal
